{
  "requires": true,
  "lockfileVersion": 1,
  "dependencies": {
    "@types/paper": {
      "version": "0.9.13",
      "resolved": "https://registry.npmjs.org/@types/paper/-/paper-0.9.13.tgz",
      "integrity": "sha512-s5ik3YZU6sx8U4WiiKcfxWLxHJ0kf3+1+pyFPt7DIWpnKmAXGtEM/FiYfkH6+ckvTvVtwFw7ro/bPYan1lzJ1Q=="
    },
    "bootstrap-beta": {
      "version": "4.0.0-beta",
      "resolved": "https://registry.npmjs.org/bootstrap-beta/-/bootstrap-beta-4.0.0-beta.tgz",
      "integrity": "sha1-NPeYilU7XN7B1gfqL42Uyjlv/BI="
    },
    "jquery": {
      "version": "3.2.1",
      "resolved": "https://registry.npmjs.org/jquery/-/jquery-3.2.1.tgz",
      "integrity": "sha1-XE2d5lKvbNCncBVKYxu6ErAVx4c="
    },
    "jquery.actual": {
      "version": "1.0.19",
      "resolved": "https://registry.npmjs.org/jquery.actual/-/jquery.actual-1.0.19.tgz",
      "integrity": "sha1-inErhI84jlCIADQUUpJ0t3O5stU="
    },
    "paper": {
      "version": "0.11.5",
      "resolved": "https://registry.npmjs.org/paper/-/paper-0.11.5.tgz",
      "integrity": "sha1-1mLeZ7zoIYwoe/4XWG0JnSzEgEA="
    },
    "ts2kt": {
      "version": "0.1.0",
      "resolved": "https://registry.npmjs.org/ts2kt/-/ts2kt-0.1.0.tgz",
      "integrity": "sha1-l8Nf+r7V81iNq0XrQPXULSg0Rzo=",
      "requires": {
        "typescript": "2.6.2"
      }
    },
    "typescript": {
      "version": "2.6.2",
      "resolved": "https://registry.npmjs.org/typescript/-/typescript-2.6.2.tgz",
      "integrity": "sha1-PFtv1/beCRQmkCfwPAlGdY92c6Q="
    }
  }
}
